
Microsoft Visual Studio Solution File, Format Version 12.00
# Visual Studio 15
VisualStudioVersion = 15.0.28306.52
MinimumVisualStudioVersion = 10.0.40219.1
Project("{FAE04EC0-301F-11D3-BF4B-00C04F79EFBC}") = "Lab8", "Lab8\Lab8.csproj", "{DAF591BF-335A-42E3-BE43-B05EDED9BE05}"
EndProject
Global
	GlobalSection(SolutionConfigurationPlatforms) = preSolution
		Debug|Any CPU = Debug|Any CPU
		Release|Any CPU = Release|Any CPU
	EndGlobalSection
	GlobalSection(ProjectConfigurationPlatforms) = postSolution
		{DAF591BF-335A-42E3-BE43-B05EDED9BE05}.Debug|Any CPU.ActiveCfg = Debug|Any CPU
		{DAF591BF-335A-42E3-BE43-B05EDED9BE05}.Debug|Any CPU.Build.0 = Debug|Any CPU
		{DAF591BF-335A-42E3-BE43-B05EDED9BE05}.Release|Any CPU.ActiveCfg = Release|Any CPU
		{DAF591BF-335A-42E3-BE43-B05EDED9BE05}.Release|Any CPU.Build.0 = Release|Any CPU
	EndGlobalSection
	GlobalSection(SolutionProperties) = preSolution
		HideSolutionNode = FALSE
	EndGlobalSection
	GlobalSection(ExtensibilityGlobals) = postSolution
		SolutionGuid = {F82E4407-56FE-4A9F-9C63-5B5325DD368E}
	EndGlobalSection
EndGlobal
